{
  "csv-mode": {
    "archive": {
      "narHash": "sha256-bdFXCPxe/gK4gFJebOryzItraaPXoAjW3GRl28m+Y1U=",
      "type": "tarball",
      "url": "https://elpa.gnu.org/devel/csv-mode-1.27.0.20260505.161621.tar"
    },
    "inventory": {
      "type": "archive",
      "url": "https://elpa.gnu.org/devel/"
    },
    "packageRequires": {
      "cl-lib": "0.5",
      "emacs": "27.1"
    },
    "version": "1.27.0.20260505.161621"
  },
  "rainbow-mode": {
    "archive": {
      "narHash": "sha256-XMJ1pjGBISLllFwOcH9nA8xu9qYo1xsiqQ5XH/4XHCU=",
      "type": "tarball",
      "url": "https://elpa.gnu.org/devel/rainbow-mode-1.0.6.0.20231215.171141.tar"
    },
    "inventory": {
      "type": "archive",
      "url": "https://elpa.gnu.org/devel/"
    },
    "packageRequires": {},
    "version": "1.0.6.0.20231215.171141"
  }
}
